
Microsoft Visual Studio Solution File, Format Version 12.00
# Visual Studio Version 17
VisualStudioVersion = 17.10.35122.118
MinimumVisualStudioVersion = 10.0.40219.1
Project("{FAE04EC0-301F-11D3-BF4B-00C04F79EFBC}") = "Calculator Project", "Calculator Project.csproj", "{3569C72A-F107-4B87-98C3-2D9C9D0DA338}"
EndProject
Global
	GlobalSection(SolutionConfigurationPlatforms) = preSolution
		Debug|Any CPU = Debug|Any CPU
		Release|Any CPU = Release|Any CPU
	EndGlobalSection
	GlobalSection(ProjectConfigurationPlatforms) = postSolution
		{3569C72A-F107-4B87-98C3-2D9C9D0DA338}.Debug|Any CPU.ActiveCfg = Debug|Any CPU
		{3569C72A-F107-4B87-98C3-2D9C9D0DA338}.Debug|Any CPU.Build.0 = Debug|Any CPU
		{3569C72A-F107-4B87-98C3-2D9C9D0DA338}.Release|Any CPU.ActiveCfg = Release|Any CPU
		{3569C72A-F107-4B87-98C3-2D9C9D0DA338}.Release|Any CPU.Build.0 = Release|Any CPU
	EndGlobalSection
	GlobalSection(SolutionProperties) = preSolution
		HideSolutionNode = FALSE
	EndGlobalSection
	GlobalSection(ExtensibilityGlobals) = postSolution
		SolutionGuid = {6E48B0B5-1BF7-4AAF-8F0F-7083E0AFD3FA}
	EndGlobalSection
EndGlobal
